
Microsoft Visual Studio Solution File, Format Version 12.00
# Visual Studio Version 16
VisualStudioVersion = 16.0.29215.179
MinimumVisualStudioVersion = 10.0.40219.1
Project("{8BC9CEB8-8B4A-11D0-8D11-00A0C91BC942}") = "01", "01\01.vcxproj", "{6779C416-F592-4631-A118-A9D243007545}"
EndProject
Project("{8BC9CEB8-8B4A-11D0-8D11-00A0C91BC942}") = "02", "02\02.vcxproj", "{9F950C6D-8DB1-4939-AE0F-A344C15A43B8}"
EndProject
Project("{8BC9CEB8-8B4A-11D0-8D11-00A0C91BC942}") = "05", "05\05.vcxproj", "{EC14AE1D-F925-4BCE-B1E5-379AD033C87C}"
EndProject
Project("{8BC9CEB8-8B4A-11D0-8D11-00A0C91BC942}") = "03", "03\03.vcxproj", "{3F453D90-62C7-400B-A3A2-65576F479FF4}"
EndProject
Project("{8BC9CEB8-8B4A-11D0-8D11-00A0C91BC942}") = "04", "04\04.vcxproj", "{A693D478-48C6-4681-9B14-779D761F2AE0}"
EndProject
Project("{8BC9CEB8-8B4A-11D0-8D11-00A0C91BC942}") = "08", "08\08.vcxproj", "{68FADAA3-FE3C-4FEB-ADAE-08CAFA5AB612}"
EndProject
Project("{8BC9CEB8-8B4A-11D0-8D11-00A0C91BC942}") = "09", "09\09.vcxproj", "{51D801E3-70DD-4983-914C-084FEC6A5132}"
EndProject
Project("{8BC9CEB8-8B4A-11D0-8D11-00A0C91BC942}") = "10", "10\10.vcxproj", "{73787020-B68E-4BEF-A744-DC6DC430E0B3}"
EndProject
Project("{8BC9CEB8-8B4A-11D0-8D11-00A0C91BC942}") = "11", "11\11.vcxproj", "{92773A78-6517-4F60-A6FD-2AFDA23EE36D}"
EndProject
Project("{8BC9CEB8-8B4A-11D0-8D11-00A0C91BC942}") = "07", "07\07.vcxproj", "{1D9E53F8-F597-4F0B-8C19-BCFB081ECD7A}"
EndProject
Global
	GlobalSection(SolutionConfigurationPlatforms) = preSolution
		Debug|x64 = Debug|x64
		Debug|x86 = Debug|x86
		Release|x64 = Release|x64
		Release|x86 = Release|x86
	EndGlobalSection
	GlobalSection(ProjectConfigurationPlatforms) = postSolution
		{6779C416-F592-4631-A118-A9D243007545}.Debug|x64.ActiveCfg = Debug|x64
		{6779C416-F592-4631-A118-A9D243007545}.Debug|x64.Build.0 = Debug|x64
		{6779C416-F592-4631-A118-A9D243007545}.Debug|x86.ActiveCfg = Debug|Win32
		{6779C416-F592-4631-A118-A9D243007545}.Debug|x86.Build.0 = Debug|Win32
		{6779C416-F592-4631-A118-A9D243007545}.Release|x64.ActiveCfg = Release|x64
		{6779C416-F592-4631-A118-A9D243007545}.Release|x64.Build.0 = Release|x64
		{6779C416-F592-4631-A118-A9D243007545}.Release|x86.ActiveCfg = Release|Win32
		{6779C416-F592-4631-A118-A9D243007545}.Release|x86.Build.0 = Release|Win32
		{9F950C6D-8DB1-4939-AE0F-A344C15A43B8}.Debug|x64.ActiveCfg = Debug|x64
		{9F950C6D-8DB1-4939-AE0F-A344C15A43B8}.Debug|x64.Build.0 = Debug|x64
		{9F950C6D-8DB1-4939-AE0F-A344C15A43B8}.Debug|x86.ActiveCfg = Debug|Win32
		{9F950C6D-8DB1-4939-AE0F-A344C15A43B8}.Debug|x86.Build.0 = Debug|Win32
		{9F950C6D-8DB1-4939-AE0F-A344C15A43B8}.Release|x64.ActiveCfg = Release|x64
		{9F950C6D-8DB1-4939-AE0F-A344C15A43B8}.Release|x64.Build.0 = Release|x64
		{9F950C6D-8DB1-4939-AE0F-A344C15A43B8}.Release|x86.ActiveCfg = Release|Win32
		{9F950C6D-8DB1-4939-AE0F-A344C15A43B8}.Release|x86.Build.0 = Release|Win32
		{EC14AE1D-F925-4BCE-B1E5-379AD033C87C}.Debug|x64.ActiveCfg = Debug|x64
		{EC14AE1D-F925-4BCE-B1E5-379AD033C87C}.Debug|x64.Build.0 = Debug|x64
		{EC14AE1D-F925-4BCE-B1E5-379AD033C87C}.Debug|x86.ActiveCfg = Debug|Win32
		{EC14AE1D-F925-4BCE-B1E5-379AD033C87C}.Debug|x86.Build.0 = Debug|Win32
		{EC14AE1D-F925-4BCE-B1E5-379AD033C87C}.Release|x64.ActiveCfg = Release|x64
		{EC14AE1D-F925-4BCE-B1E5-379AD033C87C}.Release|x64.Build.0 = Release|x64
		{EC14AE1D-F925-4BCE-B1E5-379AD033C87C}.Release|x86.ActiveCfg = Release|Win32
		{EC14AE1D-F925-4BCE-B1E5-379AD033C87C}.Release|x86.Build.0 = Release|Win32
		{3F453D90-62C7-400B-A3A2-65576F479FF4}.Debug|x64.ActiveCfg = Debug|x64
		{3F453D90-62C7-400B-A3A2-65576F479FF4}.Debug|x64.Build.0 = Debug|x64
		{3F453D90-62C7-400B-A3A2-65576F479FF4}.Debug|x86.ActiveCfg = Debug|Win32
		{3F453D90-62C7-400B-A3A2-65576F479FF4}.Debug|x86.Build.0 = Debug|Win32
		{3F453D90-62C7-400B-A3A2-65576F479FF4}.Release|x64.ActiveCfg = Release|x64
		{3F453D90-62C7-400B-A3A2-65576F479FF4}.Release|x64.Build.0 = Release|x64
		{3F453D90-62C7-400B-A3A2-65576F479FF4}.Release|x86.ActiveCfg = Release|Win32
		{3F453D90-62C7-400B-A3A2-65576F479FF4}.Release|x86.Build.0 = Release|Win32
		{A693D478-48C6-4681-9B14-779D761F2AE0}.Debug|x64.ActiveCfg = Debug|x64
		{A693D478-48C6-4681-9B14-779D761F2AE0}.Debug|x64.Build.0 = Debug|x64
		{A693D478-48C6-4681-9B14-779D761F2AE0}.Debug|x86.ActiveCfg = Debug|Win32
		{A693D478-48C6-4681-9B14-779D761F2AE0}.Debug|x86.Build.0 = Debug|Win32
		{A693D478-48C6-4681-9B14-779D761F2AE0}.Release|x64.ActiveCfg = Release|x64
		{A693D478-48C6-4681-9B14-779D761F2AE0}.Release|x64.Build.0 = Release|x64
		{A693D478-48C6-4681-9B14-779D761F2AE0}.Release|x86.ActiveCfg = Release|Win32
		{A693D478-48C6-4681-9B14-779D761F2AE0}.Release|x86.Build.0 = Release|Win32
		{68FADAA3-FE3C-4FEB-ADAE-08CAFA5AB612}.Debug|x64.ActiveCfg = Debug|x64
		{68FADAA3-FE3C-4FEB-ADAE-08CAFA5AB612}.Debug|x64.Build.0 = Debug|x64
		{68FADAA3-FE3C-4FEB-ADAE-08CAFA5AB612}.Debug|x86.ActiveCfg = Debug|Win32
		{68FADAA3-FE3C-4FEB-ADAE-08CAFA5AB612}.Debug|x86.Build.0 = Debug|Win32
		{68FADAA3-FE3C-4FEB-ADAE-08CAFA5AB612}.Release|x64.ActiveCfg = Release|x64
		{68FADAA3-FE3C-4FEB-ADAE-08CAFA5AB612}.Release|x64.Build.0 = Release|x64
		{68FADAA3-FE3C-4FEB-ADAE-08CAFA5AB612}.Release|x86.ActiveCfg = Release|Win32
		{68FADAA3-FE3C-4FEB-ADAE-08CAFA5AB612}.Release|x86.Build.0 = Release|Win32
		{51D801E3-70DD-4983-914C-084FEC6A5132}.Debug|x64.ActiveCfg = Debug|x64
		{51D801E3-70DD-4983-914C-084FEC6A5132}.Debug|x64.Build.0 = Debug|x64
		{51D801E3-70DD-4983-914C-084FEC6A5132}.Debug|x86.ActiveCfg = Debug|Win32
		{51D801E3-70DD-4983-914C-084FEC6A5132}.Debug|x86.Build.0 = Debug|Win32
		{51D801E3-70DD-4983-914C-084FEC6A5132}.Release|x64.ActiveCfg = Release|x64
		{51D801E3-70DD-4983-914C-084FEC6A5132}.Release|x64.Build.0 = Release|x64
		{51D801E3-70DD-4983-914C-084FEC6A5132}.Release|x86.ActiveCfg = Release|Win32
		{51D801E3-70DD-4983-914C-084FEC6A5132}.Release|x86.Build.0 = Release|Win32
		{73787020-B68E-4BEF-A744-DC6DC430E0B3}.Debug|x64.ActiveCfg = Debug|x64
		{73787020-B68E-4BEF-A744-DC6DC430E0B3}.Debug|x64.Build.0 = Debug|x64
		{73787020-B68E-4BEF-A744-DC6DC430E0B3}.Debug|x86.ActiveCfg = Debug|Win32
		{73787020-B68E-4BEF-A744-DC6DC430E0B3}.Debug|x86.Build.0 = Debug|Win32
		{73787020-B68E-4BEF-A744-DC6DC430E0B3}.Release|x64.ActiveCfg = Release|x64
		{73787020-B68E-4BEF-A744-DC6DC430E0B3}.Release|x64.Build.0 = Release|x64
		{73787020-B68E-4BEF-A744-DC6DC430E0B3}.Release|x86.ActiveCfg = Release|Win32
		{73787020-B68E-4BEF-A744-DC6DC430E0B3}.Release|x86.Build.0 = Release|Win32
		{92773A78-6517-4F60-A6FD-2AFDA23EE36D}.Debug|x64.ActiveCfg = Debug|x64
		{92773A78-6517-4F60-A6FD-2AFDA23EE36D}.Debug|x64.Build.0 = Debug|x64
		{92773A78-6517-4F60-A6FD-2AFDA23EE36D}.Debug|x86.ActiveCfg = Debug|Win32
		{92773A78-6517-4F60-A6FD-2AFDA23EE36D}.Debug|x86.Build.0 = Debug|Win32
		{92773A78-6517-4F60-A6FD-2AFDA23EE36D}.Release|x64.ActiveCfg = Release|x64
		{92773A78-6517-4F60-A6FD-2AFDA23EE36D}.Release|x64.Build.0 = Release|x64
		{92773A78-6517-4F60-A6FD-2AFDA23EE36D}.Release|x86.ActiveCfg = Release|Win32
		{92773A78-6517-4F60-A6FD-2AFDA23EE36D}.Release|x86.Build.0 = Release|Win32
		{1D9E53F8-F597-4F0B-8C19-BCFB081ECD7A}.Debug|x64.ActiveCfg = Debug|x64
		{1D9E53F8-F597-4F0B-8C19-BCFB081ECD7A}.Debug|x64.Build.0 = Debug|x64
		{1D9E53F8-F597-4F0B-8C19-BCFB081ECD7A}.Debug|x86.ActiveCfg = Debug|Win32
		{1D9E53F8-F597-4F0B-8C19-BCFB081ECD7A}.Debug|x86.Build.0 = Debug|Win32
		{1D9E53F8-F597-4F0B-8C19-BCFB081ECD7A}.Release|x64.ActiveCfg = Release|x64
		{1D9E53F8-F597-4F0B-8C19-BCFB081ECD7A}.Release|x64.Build.0 = Release|x64
		{1D9E53F8-F597-4F0B-8C19-BCFB081ECD7A}.Release|x86.ActiveCfg = Release|Win32
		{1D9E53F8-F597-4F0B-8C19-BCFB081ECD7A}.Release|x86.Build.0 = Release|Win32
	EndGlobalSection
	GlobalSection(SolutionProperties) = preSolution
		HideSolutionNode = FALSE
	EndGlobalSection
	GlobalSection(ExtensibilityGlobals) = postSolution
		SolutionGuid = {F1D58B23-5798-4352-9217-3D517A2A2BBD}
	EndGlobalSection
EndGlobal
