
Microsoft Visual Studio Solution File, Format Version 12.00
# Visual Studio Version 16
VisualStudioVersion = 16.0.29215.179
MinimumVisualStudioVersion = 10.0.40219.1
Project("{8BC9CEB8-8B4A-11D0-8D11-00A0C91BC942}") = "0005", "0005\0005.vcxproj", "{06068E86-E5EA-44AE-919E-B848C2C15534}"
EndProject
Project("{8BC9CEB8-8B4A-11D0-8D11-00A0C91BC942}") = "0001", "0001\0001.vcxproj", "{EAF2683D-3D13-464F-B66D-36EAF4900F75}"
EndProject
Global
	GlobalSection(SolutionConfigurationPlatforms) = preSolution
		Debug|x64 = Debug|x64
		Debug|x86 = Debug|x86
		Release|x64 = Release|x64
		Release|x86 = Release|x86
	EndGlobalSection
	GlobalSection(ProjectConfigurationPlatforms) = postSolution
		{06068E86-E5EA-44AE-919E-B848C2C15534}.Debug|x64.ActiveCfg = Debug|x64
		{06068E86-E5EA-44AE-919E-B848C2C15534}.Debug|x64.Build.0 = Debug|x64
		{06068E86-E5EA-44AE-919E-B848C2C15534}.Debug|x86.ActiveCfg = Debug|Win32
		{06068E86-E5EA-44AE-919E-B848C2C15534}.Debug|x86.Build.0 = Debug|Win32
		{06068E86-E5EA-44AE-919E-B848C2C15534}.Release|x64.ActiveCfg = Release|x64
		{06068E86-E5EA-44AE-919E-B848C2C15534}.Release|x64.Build.0 = Release|x64
		{06068E86-E5EA-44AE-919E-B848C2C15534}.Release|x86.ActiveCfg = Release|Win32
		{06068E86-E5EA-44AE-919E-B848C2C15534}.Release|x86.Build.0 = Release|Win32
		{EAF2683D-3D13-464F-B66D-36EAF4900F75}.Debug|x64.ActiveCfg = Debug|x64
		{EAF2683D-3D13-464F-B66D-36EAF4900F75}.Debug|x64.Build.0 = Debug|x64
		{EAF2683D-3D13-464F-B66D-36EAF4900F75}.Debug|x86.ActiveCfg = Debug|Win32
		{EAF2683D-3D13-464F-B66D-36EAF4900F75}.Debug|x86.Build.0 = Debug|Win32
		{EAF2683D-3D13-464F-B66D-36EAF4900F75}.Release|x64.ActiveCfg = Release|x64
		{EAF2683D-3D13-464F-B66D-36EAF4900F75}.Release|x64.Build.0 = Release|x64
		{EAF2683D-3D13-464F-B66D-36EAF4900F75}.Release|x86.ActiveCfg = Release|Win32
		{EAF2683D-3D13-464F-B66D-36EAF4900F75}.Release|x86.Build.0 = Release|Win32
	EndGlobalSection
	GlobalSection(SolutionProperties) = preSolution
		HideSolutionNode = FALSE
	EndGlobalSection
	GlobalSection(ExtensibilityGlobals) = postSolution
		SolutionGuid = {55178D92-4946-499F-A3A8-7445C3828202}
	EndGlobalSection
EndGlobal
