
Microsoft Visual Studio Solution File, Format Version 12.00
# Visual Studio Version 16
VisualStudioVersion = 16.0.29215.179
MinimumVisualStudioVersion = 10.0.40219.1
Project("{8BC9CEB8-8B4A-11D0-8D11-00A0C91BC942}") = "0005", "0005\0005.vcxproj", "{06068E86-E5EA-44AE-919E-B848C2C15534}"
EndProject
Project("{8BC9CEB8-8B4A-11D0-8D11-00A0C91BC942}") = "0001", "0001\0001.vcxproj", "{EAF2683D-3D13-464F-B66D-36EAF4900F75}"
EndProject
Project("{8BC9CEB8-8B4A-11D0-8D11-00A0C91BC942}") = "0002", "0002\0002.vcxproj", "{7524328D-B79A-4D12-97B6-E5F8FDB54C3D}"
EndProject
Project("{8BC9CEB8-8B4A-11D0-8D11-00A0C91BC942}") = "0003", "0003\0003.vcxproj", "{1092D8A0-6103-4C4F-8701-F66896FF43A2}"
EndProject
Project("{8BC9CEB8-8B4A-11D0-8D11-00A0C91BC942}") = "0004", "0004\0004.vcxproj", "{984B29AB-6F67-49A6-9172-E0A5B9467ADD}"
EndProject
Project("{8BC9CEB8-8B4A-11D0-8D11-00A0C91BC942}") = "0006", "0006\0006.vcxproj", "{B9A716E6-4CAC-494B-B2D3-CEBA0B75760A}"
EndProject
Project("{8BC9CEB8-8B4A-11D0-8D11-00A0C91BC942}") = "0007", "0007\0007.vcxproj", "{DB6AECAF-CA8D-4D4B-8A8A-D21387651AFA}"
EndProject
Project("{8BC9CEB8-8B4A-11D0-8D11-00A0C91BC942}") = "0008", "0008\0008.vcxproj", "{DD513885-4617-451D-B126-8A5D32EC500D}"
EndProject
Project("{8BC9CEB8-8B4A-11D0-8D11-00A0C91BC942}") = "0009", "0009\0009.vcxproj", "{F7B272CA-A519-452A-B0C5-E775EAC16338}"
EndProject
Project("{8BC9CEB8-8B4A-11D0-8D11-00A0C91BC942}") = "0010", "0010\0010.vcxproj", "{88562D2A-3A11-4458-9BCB-A677C65976C0}"
EndProject
Global
	GlobalSection(SolutionConfigurationPlatforms) = preSolution
		Debug|x64 = Debug|x64
		Debug|x86 = Debug|x86
		Release|x64 = Release|x64
		Release|x86 = Release|x86
	EndGlobalSection
	GlobalSection(ProjectConfigurationPlatforms) = postSolution
		{06068E86-E5EA-44AE-919E-B848C2C15534}.Debug|x64.ActiveCfg = Debug|x64
		{06068E86-E5EA-44AE-919E-B848C2C15534}.Debug|x64.Build.0 = Debug|x64
		{06068E86-E5EA-44AE-919E-B848C2C15534}.Debug|x86.ActiveCfg = Debug|Win32
		{06068E86-E5EA-44AE-919E-B848C2C15534}.Debug|x86.Build.0 = Debug|Win32
		{06068E86-E5EA-44AE-919E-B848C2C15534}.Release|x64.ActiveCfg = Release|x64
		{06068E86-E5EA-44AE-919E-B848C2C15534}.Release|x64.Build.0 = Release|x64
		{06068E86-E5EA-44AE-919E-B848C2C15534}.Release|x86.ActiveCfg = Release|Win32
		{06068E86-E5EA-44AE-919E-B848C2C15534}.Release|x86.Build.0 = Release|Win32
		{EAF2683D-3D13-464F-B66D-36EAF4900F75}.Debug|x64.ActiveCfg = Debug|x64
		{EAF2683D-3D13-464F-B66D-36EAF4900F75}.Debug|x64.Build.0 = Debug|x64
		{EAF2683D-3D13-464F-B66D-36EAF4900F75}.Debug|x86.ActiveCfg = Debug|Win32
		{EAF2683D-3D13-464F-B66D-36EAF4900F75}.Debug|x86.Build.0 = Debug|Win32
		{EAF2683D-3D13-464F-B66D-36EAF4900F75}.Release|x64.ActiveCfg = Release|x64
		{EAF2683D-3D13-464F-B66D-36EAF4900F75}.Release|x64.Build.0 = Release|x64
		{EAF2683D-3D13-464F-B66D-36EAF4900F75}.Release|x86.ActiveCfg = Release|Win32
		{EAF2683D-3D13-464F-B66D-36EAF4900F75}.Release|x86.Build.0 = Release|Win32
		{7524328D-B79A-4D12-97B6-E5F8FDB54C3D}.Debug|x64.ActiveCfg = Debug|x64
		{7524328D-B79A-4D12-97B6-E5F8FDB54C3D}.Debug|x64.Build.0 = Debug|x64
		{7524328D-B79A-4D12-97B6-E5F8FDB54C3D}.Debug|x86.ActiveCfg = Debug|Win32
		{7524328D-B79A-4D12-97B6-E5F8FDB54C3D}.Debug|x86.Build.0 = Debug|Win32
		{7524328D-B79A-4D12-97B6-E5F8FDB54C3D}.Release|x64.ActiveCfg = Release|x64
		{7524328D-B79A-4D12-97B6-E5F8FDB54C3D}.Release|x64.Build.0 = Release|x64
		{7524328D-B79A-4D12-97B6-E5F8FDB54C3D}.Release|x86.ActiveCfg = Release|Win32
		{7524328D-B79A-4D12-97B6-E5F8FDB54C3D}.Release|x86.Build.0 = Release|Win32
		{1092D8A0-6103-4C4F-8701-F66896FF43A2}.Debug|x64.ActiveCfg = Debug|x64
		{1092D8A0-6103-4C4F-8701-F66896FF43A2}.Debug|x64.Build.0 = Debug|x64
		{1092D8A0-6103-4C4F-8701-F66896FF43A2}.Debug|x86.ActiveCfg = Debug|Win32
		{1092D8A0-6103-4C4F-8701-F66896FF43A2}.Debug|x86.Build.0 = Debug|Win32
		{1092D8A0-6103-4C4F-8701-F66896FF43A2}.Release|x64.ActiveCfg = Release|x64
		{1092D8A0-6103-4C4F-8701-F66896FF43A2}.Release|x64.Build.0 = Release|x64
		{1092D8A0-6103-4C4F-8701-F66896FF43A2}.Release|x86.ActiveCfg = Release|Win32
		{1092D8A0-6103-4C4F-8701-F66896FF43A2}.Release|x86.Build.0 = Release|Win32
		{984B29AB-6F67-49A6-9172-E0A5B9467ADD}.Debug|x64.ActiveCfg = Debug|x64
		{984B29AB-6F67-49A6-9172-E0A5B9467ADD}.Debug|x64.Build.0 = Debug|x64
		{984B29AB-6F67-49A6-9172-E0A5B9467ADD}.Debug|x86.ActiveCfg = Debug|Win32
		{984B29AB-6F67-49A6-9172-E0A5B9467ADD}.Debug|x86.Build.0 = Debug|Win32
		{984B29AB-6F67-49A6-9172-E0A5B9467ADD}.Release|x64.ActiveCfg = Release|x64
		{984B29AB-6F67-49A6-9172-E0A5B9467ADD}.Release|x64.Build.0 = Release|x64
		{984B29AB-6F67-49A6-9172-E0A5B9467ADD}.Release|x86.ActiveCfg = Release|Win32
		{984B29AB-6F67-49A6-9172-E0A5B9467ADD}.Release|x86.Build.0 = Release|Win32
		{B9A716E6-4CAC-494B-B2D3-CEBA0B75760A}.Debug|x64.ActiveCfg = Debug|x64
		{B9A716E6-4CAC-494B-B2D3-CEBA0B75760A}.Debug|x64.Build.0 = Debug|x64
		{B9A716E6-4CAC-494B-B2D3-CEBA0B75760A}.Debug|x86.ActiveCfg = Debug|Win32
		{B9A716E6-4CAC-494B-B2D3-CEBA0B75760A}.Debug|x86.Build.0 = Debug|Win32
		{B9A716E6-4CAC-494B-B2D3-CEBA0B75760A}.Release|x64.ActiveCfg = Release|x64
		{B9A716E6-4CAC-494B-B2D3-CEBA0B75760A}.Release|x64.Build.0 = Release|x64
		{B9A716E6-4CAC-494B-B2D3-CEBA0B75760A}.Release|x86.ActiveCfg = Release|Win32
		{B9A716E6-4CAC-494B-B2D3-CEBA0B75760A}.Release|x86.Build.0 = Release|Win32
		{DB6AECAF-CA8D-4D4B-8A8A-D21387651AFA}.Debug|x64.ActiveCfg = Debug|x64
		{DB6AECAF-CA8D-4D4B-8A8A-D21387651AFA}.Debug|x64.Build.0 = Debug|x64
		{DB6AECAF-CA8D-4D4B-8A8A-D21387651AFA}.Debug|x86.ActiveCfg = Debug|Win32
		{DB6AECAF-CA8D-4D4B-8A8A-D21387651AFA}.Debug|x86.Build.0 = Debug|Win32
		{DB6AECAF-CA8D-4D4B-8A8A-D21387651AFA}.Release|x64.ActiveCfg = Release|x64
		{DB6AECAF-CA8D-4D4B-8A8A-D21387651AFA}.Release|x64.Build.0 = Release|x64
		{DB6AECAF-CA8D-4D4B-8A8A-D21387651AFA}.Release|x86.ActiveCfg = Release|Win32
		{DB6AECAF-CA8D-4D4B-8A8A-D21387651AFA}.Release|x86.Build.0 = Release|Win32
		{DD513885-4617-451D-B126-8A5D32EC500D}.Debug|x64.ActiveCfg = Debug|x64
		{DD513885-4617-451D-B126-8A5D32EC500D}.Debug|x64.Build.0 = Debug|x64
		{DD513885-4617-451D-B126-8A5D32EC500D}.Debug|x86.ActiveCfg = Debug|Win32
		{DD513885-4617-451D-B126-8A5D32EC500D}.Debug|x86.Build.0 = Debug|Win32
		{DD513885-4617-451D-B126-8A5D32EC500D}.Release|x64.ActiveCfg = Release|x64
		{DD513885-4617-451D-B126-8A5D32EC500D}.Release|x64.Build.0 = Release|x64
		{DD513885-4617-451D-B126-8A5D32EC500D}.Release|x86.ActiveCfg = Release|Win32
		{DD513885-4617-451D-B126-8A5D32EC500D}.Release|x86.Build.0 = Release|Win32
		{F7B272CA-A519-452A-B0C5-E775EAC16338}.Debug|x64.ActiveCfg = Debug|x64
		{F7B272CA-A519-452A-B0C5-E775EAC16338}.Debug|x64.Build.0 = Debug|x64
		{F7B272CA-A519-452A-B0C5-E775EAC16338}.Debug|x86.ActiveCfg = Debug|Win32
		{F7B272CA-A519-452A-B0C5-E775EAC16338}.Debug|x86.Build.0 = Debug|Win32
		{F7B272CA-A519-452A-B0C5-E775EAC16338}.Release|x64.ActiveCfg = Release|x64
		{F7B272CA-A519-452A-B0C5-E775EAC16338}.Release|x64.Build.0 = Release|x64
		{F7B272CA-A519-452A-B0C5-E775EAC16338}.Release|x86.ActiveCfg = Release|Win32
		{F7B272CA-A519-452A-B0C5-E775EAC16338}.Release|x86.Build.0 = Release|Win32
		{88562D2A-3A11-4458-9BCB-A677C65976C0}.Debug|x64.ActiveCfg = Debug|x64
		{88562D2A-3A11-4458-9BCB-A677C65976C0}.Debug|x64.Build.0 = Debug|x64
		{88562D2A-3A11-4458-9BCB-A677C65976C0}.Debug|x86.ActiveCfg = Debug|Win32
		{88562D2A-3A11-4458-9BCB-A677C65976C0}.Debug|x86.Build.0 = Debug|Win32
		{88562D2A-3A11-4458-9BCB-A677C65976C0}.Release|x64.ActiveCfg = Release|x64
		{88562D2A-3A11-4458-9BCB-A677C65976C0}.Release|x64.Build.0 = Release|x64
		{88562D2A-3A11-4458-9BCB-A677C65976C0}.Release|x86.ActiveCfg = Release|Win32
		{88562D2A-3A11-4458-9BCB-A677C65976C0}.Release|x86.Build.0 = Release|Win32
	EndGlobalSection
	GlobalSection(SolutionProperties) = preSolution
		HideSolutionNode = FALSE
	EndGlobalSection
	GlobalSection(ExtensibilityGlobals) = postSolution
		SolutionGuid = {55178D92-4946-499F-A3A8-7445C3828202}
	EndGlobalSection
EndGlobal
